PODS:
  - Verizon-Ads-Core (2.5.0)
  - Verizon-Ads-InlinePlacement (1.6.0):
    - Verizon-Ads-Core (~> 2.5)
    - Verizon-Ads-Support (~> 1.12)
  - Verizon-Ads-InlineWebAdapter (1.6.0):
    - Verizon-Ads-Core (~> 2.5)
    - Verizon-Ads-InlinePlacement (~> 1.6)
    - Verizon-Ads-Support (~> 1.12)
    - Verizon-Ads-WebController (~> 1.4)
    - Verizon-Ads-WebView (~> 1.7)
  - Verizon-Ads-InterstitialPlacement (1.6.0):
    - Verizon-Ads-Core (~> 2.5)
    - Verizon-Ads-Support (~> 1.12)
  - Verizon-Ads-InterstitialVASTAdapter (1.6.0):
    - Verizon-Ads-Core (~> 2.5)
    - Verizon-Ads-InterstitialPlacement (~> 1.6)
    - Verizon-Ads-Support (~> 1.12)
    - Verizon-Ads-VASTController (~> 1.8)
  - Verizon-Ads-InterstitialWebAdapter (1.6.0):
    - Verizon-Ads-Core (~> 2.5)
    - Verizon-Ads-InterstitialPlacement (~> 1.6)
    - Verizon-Ads-Support (~> 1.12)
    - Verizon-Ads-WebController (~> 1.4)
    - Verizon-Ads-WebView (~> 1.7)
  - Verizon-Ads-NativePlacement (1.12.0):
    - Verizon-Ads-Core (~> 2.5)
    - Verizon-Ads-OMSDK (~> 1.8)
    - Verizon-Ads-Support (~> 1.12)
  - Verizon-Ads-NativeVerizonNativeAdapter (2.7.0):
    - Verizon-Ads-Core (~> 2.5)
    - Verizon-Ads-NativePlacement (~> 1.12)
    - Verizon-Ads-OMSDK (~> 1.8)
    - Verizon-Ads-Support (~> 1.12)
    - Verizon-Ads-VerizonNativeController (~> 2.12)
  - Verizon-Ads-OMSDK (1.8.0):
    - Verizon-Ads-Core (~> 2.5)
  - Verizon-Ads-StandardEdition (1.11.0):
    - Verizon-Ads-Core (= 2.5.0)
    - Verizon-Ads-InlinePlacement (= 1.6.0)
    - Verizon-Ads-InlineWebAdapter (= 1.6.0)
    - Verizon-Ads-InterstitialPlacement (= 1.6.0)
    - Verizon-Ads-InterstitialVASTAdapter (= 1.6.0)
    - Verizon-Ads-InterstitialWebAdapter (= 1.6.0)
    - Verizon-Ads-NativePlacement (= 1.12.0)
    - Verizon-Ads-NativeVerizonNativeAdapter (= 2.7.0)
    - Verizon-Ads-OMSDK (= 1.8.0)
    - Verizon-Ads-Support (= 1.12.0)
    - Verizon-Ads-URIExperience (= 2.6.0)
    - Verizon-Ads-VASTController (= 1.8.0)
    - Verizon-Ads-VerizonNativeController (= 2.12.0)
    - Verizon-Ads-VideoPlayer (= 1.7.0)
    - Verizon-Ads-WebController (= 1.4.0)
    - Verizon-Ads-WebView (= 1.7.0)
  - Verizon-Ads-Support (1.12.0):
    - Verizon-Ads-Core (~> 2.5)
  - Verizon-Ads-URIExperience (2.6.0):
    - Verizon-Ads-Core (~> 2.5)
    - Verizon-Ads-Support (~> 1.12)
  - Verizon-Ads-VASTController (1.8.0):
    - Verizon-Ads-Core (~> 2.5)
    - Verizon-Ads-OMSDK (~> 1.8)
    - Verizon-Ads-Support (~> 1.12)
  - Verizon-Ads-VerizonNativeController (2.12.0):
    - Verizon-Ads-Core (~> 2.5)
    - Verizon-Ads-OMSDK (~> 1.8)
    - Verizon-Ads-Support (~> 1.12)
  - Verizon-Ads-VideoPlayer (1.7.0):
    - Verizon-Ads-Core (~> 2.5)
  - Verizon-Ads-WebController (1.4.0):
    - Verizon-Ads-Core (~> 2.5)
    - Verizon-Ads-Support (~> 1.12)
    - Verizon-Ads-WebView (~> 1.7)
  - Verizon-Ads-WebView (1.7.0):
    - Verizon-Ads-Core (~> 2.5)
    - Verizon-Ads-OMSDK (~> 1.8)
    - Verizon-Ads-Support (~> 1.12)

DEPENDENCIES:
  - Verizon-Ads-StandardEdition (~> 1.11.0)

SPEC REPOS:
  "git@git.vzbuilders.com:TacoCorp/devops-cocoapods.git":
    - Verizon-Ads-Core
    - Verizon-Ads-InlinePlacement
    - Verizon-Ads-InlineWebAdapter
    - Verizon-Ads-InterstitialPlacement
    - Verizon-Ads-InterstitialVASTAdapter
    - Verizon-Ads-InterstitialWebAdapter
    - Verizon-Ads-NativePlacement
    - Verizon-Ads-NativeVerizonNativeAdapter
    - Verizon-Ads-OMSDK
    - Verizon-Ads-StandardEdition
    - Verizon-Ads-Support
    - Verizon-Ads-URIExperience
    - Verizon-Ads-VASTController
    - Verizon-Ads-VerizonNativeController
    - Verizon-Ads-VideoPlayer
    - Verizon-Ads-WebController
    - Verizon-Ads-WebView

SPEC CHECKSUMS:
  Verizon-Ads-Core: 27e9217b546e8255c571a95776e95d93ec4d1980
  Verizon-Ads-InlinePlacement: 665af8019b7490f9f05b601ddf7381ad9cfa6e33
  Verizon-Ads-InlineWebAdapter: 060baca44b88fac71f5ee2daefe739fc69f361c7
  Verizon-Ads-InterstitialPlacement: bc19e000eea150dba2dfe9f8758b1e4e8fb11a17
  Verizon-Ads-InterstitialVASTAdapter: 29766271823d0a16a89fbafe37fef8b5e7645ade
  Verizon-Ads-InterstitialWebAdapter: 292c670beedd7da827a7a391ed48ffd9a165ae24
  Verizon-Ads-NativePlacement: 0d42850791eeaaeff5e4f1eac9bb9498470c8bba
  Verizon-Ads-NativeVerizonNativeAdapter: 05121e13be109c7f76efd16a52a62088055a8023
  Verizon-Ads-OMSDK: 0d9e8bc2f547e235b59b78f0502d87b15968a06c
  Verizon-Ads-StandardEdition: 59d4f2fc957cf39ce11f75b4144014bc2067c52a
  Verizon-Ads-Support: beb30032b0d5bdd128a959bd9c1f3567223f9df0
  Verizon-Ads-URIExperience: 0b2c19e84c045742302c1385140b78429ce61f0c
  Verizon-Ads-VASTController: 099c31fb984858b585ca6c561074926335c5016b
  Verizon-Ads-VerizonNativeController: 1708c36b3f899cc7eea75ef5ee2fe1207a822646
  Verizon-Ads-VideoPlayer: 990bf2e42d73a61164593a5747da2d86fddb73a0
  Verizon-Ads-WebController: aa2f9ad9b4df8786383b65e4fec0a6ca31b07c8a
  Verizon-Ads-WebView: 2b0da1e74db75624097c95fd764fb3b562e6b233

PODFILE CHECKSUM: 6fed30af2af82c70c4f5e2d6002f131e38d8c23e

COCOAPODS: 1.11.2
